
Microsoft Visual Studio Solution File, Format Version 12.00
# Visual Studio Version 17
VisualStudioVersion = 17.6.33723.286
MinimumVisualStudioVersion = 10.0.40219.1
Project("{9A19103F-16F7-4668-BE54-9A1E7A4F7556}") = "DataLayer", "Entities\DataLayer.csproj", "{C4C6C0E4-A629-4343-9072-267CD3208452}"
EndProject
Project("{9A19103F-16F7-4668-BE54-9A1E7A4F7556}") = "LINQSamples.Common", "LINQSamples.Common\LINQSamples.Common.csproj", "{71F1BFD6-F872-477F-BF5B-54AD3BCA7D93}"
EndProject
Project("{2150E333-8FDC-42A3-9474-1A3956D46DE8}") = "Lesson-1  Loops and LINQ", "Lesson-1  Loops and LINQ", "{0E0794EF-8E98-4EEA-9339-6C7A1FC48EA6}"
EndProject
Project("{9A19103F-16F7-4668-BE54-9A1E7A4F7556}") = "DISTINCT", "DISTINCT\DISTINCT.csproj", "{CCB6E25C-20A5-43AB-A612-20E7609F1A41}"
EndProject
Project("{9A19103F-16F7-4668-BE54-9A1E7A4F7556}") = "WHERE", "WHERE\WHERE.csproj", "{456F5ABE-9DEF-4289-A88D-B9E03800434B}"
EndProject
Project("{9A19103F-16F7-4668-BE54-9A1E7A4F7556}") = "Agregate", "Agregate\Agregate.csproj", "{33EF1F68-C67B-45E1-A3E5-E79E7FBF5957}"
EndProject
Project("{2150E333-8FDC-42A3-9474-1A3956D46DE8}") = "Lesson-2  03. Use LINQ to Select Data within Collections", "Lesson-2  03. Use LINQ to Select Data within Collections", "{1CE5AFE0-F2E3-4F61-9EC9-C428FBF2A07A}"
EndProject
Project("{FAE04EC0-301F-11D3-BF4B-00C04F79EFBC}") = "Select All Items", "Select All Items\Select All Items.csproj", "{68F80BB4-D89D-40E3-89D6-56CC3B008425}"
EndProject
Project("{FAE04EC0-301F-11D3-BF4B-00C04F79EFBC}") = "Select a single column", "Select a single column\Select a single column.csproj", "{B38F895C-C090-495B-881B-7D48EF32F354}"
EndProject
Project("{FAE04EC0-301F-11D3-BF4B-00C04F79EFBC}") = "Get Specific Columns", "Get Specific Columns\Get Specific Columns.csproj", "{1FC65C83-CD6B-4AA5-92A7-5BEB0F1F27F2}"
EndProject
Project("{FAE04EC0-301F-11D3-BF4B-00C04F79EFBC}") = "Anonymous Class", "Anonymous Class\Anonymous Class.csproj", "{DDE11207-CD9C-47E7-844E-01094505563B}"
EndProject
Global
	GlobalSection(SolutionConfigurationPlatforms) = preSolution
		Debug|Any CPU = Debug|Any CPU
		Release|Any CPU = Release|Any CPU
	EndGlobalSection
	GlobalSection(ProjectConfigurationPlatforms) = postSolution
		{C4C6C0E4-A629-4343-9072-267CD3208452}.Debug|Any CPU.ActiveCfg = Debug|Any CPU
		{C4C6C0E4-A629-4343-9072-267CD3208452}.Debug|Any CPU.Build.0 = Debug|Any CPU
		{C4C6C0E4-A629-4343-9072-267CD3208452}.Release|Any CPU.ActiveCfg = Release|Any CPU
		{C4C6C0E4-A629-4343-9072-267CD3208452}.Release|Any CPU.Build.0 = Release|Any CPU
		{71F1BFD6-F872-477F-BF5B-54AD3BCA7D93}.Debug|Any CPU.ActiveCfg = Debug|Any CPU
		{71F1BFD6-F872-477F-BF5B-54AD3BCA7D93}.Debug|Any CPU.Build.0 = Debug|Any CPU
		{71F1BFD6-F872-477F-BF5B-54AD3BCA7D93}.Release|Any CPU.ActiveCfg = Release|Any CPU
		{71F1BFD6-F872-477F-BF5B-54AD3BCA7D93}.Release|Any CPU.Build.0 = Release|Any CPU
		{CCB6E25C-20A5-43AB-A612-20E7609F1A41}.Debug|Any CPU.ActiveCfg = Debug|Any CPU
		{CCB6E25C-20A5-43AB-A612-20E7609F1A41}.Debug|Any CPU.Build.0 = Debug|Any CPU
		{CCB6E25C-20A5-43AB-A612-20E7609F1A41}.Release|Any CPU.ActiveCfg = Release|Any CPU
		{CCB6E25C-20A5-43AB-A612-20E7609F1A41}.Release|Any CPU.Build.0 = Release|Any CPU
		{456F5ABE-9DEF-4289-A88D-B9E03800434B}.Debug|Any CPU.ActiveCfg = Debug|Any CPU
		{456F5ABE-9DEF-4289-A88D-B9E03800434B}.Debug|Any CPU.Build.0 = Debug|Any CPU
		{456F5ABE-9DEF-4289-A88D-B9E03800434B}.Release|Any CPU.ActiveCfg = Release|Any CPU
		{456F5ABE-9DEF-4289-A88D-B9E03800434B}.Release|Any CPU.Build.0 = Release|Any CPU
		{33EF1F68-C67B-45E1-A3E5-E79E7FBF5957}.Debug|Any CPU.ActiveCfg = Debug|Any CPU
		{33EF1F68-C67B-45E1-A3E5-E79E7FBF5957}.Debug|Any CPU.Build.0 = Debug|Any CPU
		{33EF1F68-C67B-45E1-A3E5-E79E7FBF5957}.Release|Any CPU.ActiveCfg = Release|Any CPU
		{33EF1F68-C67B-45E1-A3E5-E79E7FBF5957}.Release|Any CPU.Build.0 = Release|Any CPU
		{68F80BB4-D89D-40E3-89D6-56CC3B008425}.Debug|Any CPU.ActiveCfg = Debug|Any CPU
		{68F80BB4-D89D-40E3-89D6-56CC3B008425}.Debug|Any CPU.Build.0 = Debug|Any CPU
		{68F80BB4-D89D-40E3-89D6-56CC3B008425}.Release|Any CPU.ActiveCfg = Release|Any CPU
		{68F80BB4-D89D-40E3-89D6-56CC3B008425}.Release|Any CPU.Build.0 = Release|Any CPU
		{B38F895C-C090-495B-881B-7D48EF32F354}.Debug|Any CPU.ActiveCfg = Debug|Any CPU
		{B38F895C-C090-495B-881B-7D48EF32F354}.Debug|Any CPU.Build.0 = Debug|Any CPU
		{B38F895C-C090-495B-881B-7D48EF32F354}.Release|Any CPU.ActiveCfg = Release|Any CPU
		{B38F895C-C090-495B-881B-7D48EF32F354}.Release|Any CPU.Build.0 = Release|Any CPU
		{1FC65C83-CD6B-4AA5-92A7-5BEB0F1F27F2}.Debug|Any CPU.ActiveCfg = Debug|Any CPU
		{1FC65C83-CD6B-4AA5-92A7-5BEB0F1F27F2}.Debug|Any CPU.Build.0 = Debug|Any CPU
		{1FC65C83-CD6B-4AA5-92A7-5BEB0F1F27F2}.Release|Any CPU.ActiveCfg = Release|Any CPU
		{1FC65C83-CD6B-4AA5-92A7-5BEB0F1F27F2}.Release|Any CPU.Build.0 = Release|Any CPU
		{DDE11207-CD9C-47E7-844E-01094505563B}.Debug|Any CPU.ActiveCfg = Debug|Any CPU
		{DDE11207-CD9C-47E7-844E-01094505563B}.Debug|Any CPU.Build.0 = Debug|Any CPU
		{DDE11207-CD9C-47E7-844E-01094505563B}.Release|Any CPU.ActiveCfg = Release|Any CPU
		{DDE11207-CD9C-47E7-844E-01094505563B}.Release|Any CPU.Build.0 = Release|Any CPU
	EndGlobalSection
	GlobalSection(SolutionProperties) = preSolution
		HideSolutionNode = FALSE
	EndGlobalSection
	GlobalSection(NestedProjects) = preSolution
		{CCB6E25C-20A5-43AB-A612-20E7609F1A41} = {0E0794EF-8E98-4EEA-9339-6C7A1FC48EA6}
		{456F5ABE-9DEF-4289-A88D-B9E03800434B} = {0E0794EF-8E98-4EEA-9339-6C7A1FC48EA6}
		{33EF1F68-C67B-45E1-A3E5-E79E7FBF5957} = {0E0794EF-8E98-4EEA-9339-6C7A1FC48EA6}
		{68F80BB4-D89D-40E3-89D6-56CC3B008425} = {1CE5AFE0-F2E3-4F61-9EC9-C428FBF2A07A}
		{B38F895C-C090-495B-881B-7D48EF32F354} = {1CE5AFE0-F2E3-4F61-9EC9-C428FBF2A07A}
		{1FC65C83-CD6B-4AA5-92A7-5BEB0F1F27F2} = {1CE5AFE0-F2E3-4F61-9EC9-C428FBF2A07A}
		{DDE11207-CD9C-47E7-844E-01094505563B} = {1CE5AFE0-F2E3-4F61-9EC9-C428FBF2A07A}
	EndGlobalSection
	GlobalSection(ExtensibilityGlobals) = postSolution
		SolutionGuid = {104F5778-3CA7-4D0A-9C3A-050F4CBB28D4}
	EndGlobalSection
EndGlobal
